// !$*UTF8*$!
{
	archiveVersion = 1;
	classes = {
	};
	objectVersion = 46;
	objects = {

/* Begin PBXAggregateTarget section */
		"swan-xcodebuild::swan-xcodebuildPackageTests::ProductTarget" /* swan-xcodebuildPackageTests */ = {
			isa = PBXAggregateTarget;
			buildConfigurationList = OBJ_136 /* Build configuration list for PBXAggregateTarget "swan-xcodebuildPackageTests" */;
			buildPhases = (
			);
			dependencies = (
				OBJ_139 /* PBXTargetDependency */,
			);
			name = "swan-xcodebuildPackageTests";
			productName = "swan-xcodebuildPackageTests";
		};
/* End PBXAggregateTarget section */

/* Begin PBXBuildFile section */
		83A66C822558AA6B00ECDA0D /* ArgumentParser.framework in Frameworks */ = {isa = PBXBuildFile; fileRef = "swift-argument-parser::ArgumentParser::Product" /* ArgumentParser.framework */; };
		83A66C852558AA6D00ECDA0D /* ColorizeSwift.framework in Frameworks */ = {isa = PBXBuildFile; fileRef = "ColorizeSwift::ColorizeSwift::Product" /* ColorizeSwift.framework */; };
		OBJ_100 /* MessageInfo.swift in Sources */ = {isa = PBXBuildFile; fileRef = OBJ_47 /* MessageInfo.swift */; };
		OBJ_101 /* UsageGenerator.swift in Sources */ = {isa = PBXBuildFile; fileRef = OBJ_48 /* UsageGenerator.swift */; };
		OBJ_102 /* StringExtensions.swift in Sources */ = {isa = PBXBuildFile; fileRef = OBJ_50 /* StringExtensions.swift */; };
		OBJ_103 /* Tree.swift in Sources */ = {isa = PBXBuildFile; fileRef = OBJ_51 /* Tree.swift */; };
		OBJ_110 /* ColorizeSwift.swift in Sources */ = {isa = PBXBuildFile; fileRef = OBJ_60 /* ColorizeSwift.swift */; };
		OBJ_117 /* Package.swift in Sources */ = {isa = PBXBuildFile; fileRef = OBJ_61 /* Package.swift */; };
		OBJ_123 /* main.swift in Sources */ = {isa = PBXBuildFile; fileRef = OBJ_9 /* main.swift */; };
		OBJ_134 /* Package.swift in Sources */ = {isa = PBXBuildFile; fileRef = OBJ_6 /* Package.swift */; };
		OBJ_145 /* XCTestManifests.swift in Sources */ = {isa = PBXBuildFile; fileRef = OBJ_12 /* XCTestManifests.swift */; };
		OBJ_146 /* swan_xcodebuildTests.swift in Sources */ = {isa = PBXBuildFile; fileRef = OBJ_13 /* swan_xcodebuildTests.swift */; };
		OBJ_148 /* ColorizeSwift.framework in Frameworks */ = {isa = PBXBuildFile; fileRef = "ColorizeSwift::ColorizeSwift::Product" /* ColorizeSwift.framework */; };
		OBJ_149 /* ArgumentParser.framework in Frameworks */ = {isa = PBXBuildFile; fileRef = "swift-argument-parser::ArgumentParser::Product" /* ArgumentParser.framework */; };
		OBJ_158 /* Package.swift in Sources */ = {isa = PBXBuildFile; fileRef = OBJ_57 /* Package.swift */; };
		OBJ_74 /* Argument.swift in Sources */ = {isa = PBXBuildFile; fileRef = OBJ_18 /* Argument.swift */; };
		OBJ_75 /* ArgumentHelp.swift in Sources */ = {isa = PBXBuildFile; fileRef = OBJ_19 /* ArgumentHelp.swift */; };
		OBJ_76 /* Errors.swift in Sources */ = {isa = PBXBuildFile; fileRef = OBJ_20 /* Errors.swift */; };
		OBJ_77 /* Flag.swift in Sources */ = {isa = PBXBuildFile; fileRef = OBJ_21 /* Flag.swift */; };
		OBJ_78 /* NameSpecification.swift in Sources */ = {isa = PBXBuildFile; fileRef = OBJ_22 /* NameSpecification.swift */; };
		OBJ_79 /* Option.swift in Sources */ = {isa = PBXBuildFile; fileRef = OBJ_23 /* Option.swift */; };
		OBJ_80 /* OptionGroup.swift in Sources */ = {isa = PBXBuildFile; fileRef = OBJ_24 /* OptionGroup.swift */; };
		OBJ_81 /* CommandConfiguration.swift in Sources */ = {isa = PBXBuildFile; fileRef = OBJ_26 /* CommandConfiguration.swift */; };
		OBJ_82 /* EnumerableFlag.swift in Sources */ = {isa = PBXBuildFile; fileRef = OBJ_27 /* EnumerableFlag.swift */; };
		OBJ_83 /* ExpressibleByArgument.swift in Sources */ = {isa = PBXBuildFile; fileRef = OBJ_28 /* ExpressibleByArgument.swift */; };
		OBJ_84 /* ParsableArguments.swift in Sources */ = {isa = PBXBuildFile; fileRef = OBJ_29 /* ParsableArguments.swift */; };
		OBJ_85 /* ParsableArgumentsValidation.swift in Sources */ = {isa = PBXBuildFile; fileRef = OBJ_30 /* ParsableArgumentsValidation.swift */; };
		OBJ_86 /* ParsableCommand.swift in Sources */ = {isa = PBXBuildFile; fileRef = OBJ_31 /* ParsableCommand.swift */; };
		OBJ_87 /* ArgumentDecoder.swift in Sources */ = {isa = PBXBuildFile; fileRef = OBJ_33 /* ArgumentDecoder.swift */; };
		OBJ_88 /* ArgumentDefinition.swift in Sources */ = {isa = PBXBuildFile; fileRef = OBJ_34 /* ArgumentDefinition.swift */; };
		OBJ_89 /* ArgumentSet.swift in Sources */ = {isa = PBXBuildFile; fileRef = OBJ_35 /* ArgumentSet.swift */; };
		OBJ_90 /* ArgumentSetSequence.swift in Sources */ = {isa = PBXBuildFile; fileRef = OBJ_36 /* ArgumentSetSequence.swift */; };
		OBJ_91 /* CommandParser.swift in Sources */ = {isa = PBXBuildFile; fileRef = OBJ_37 /* CommandParser.swift */; };
		OBJ_92 /* InputOrigin.swift in Sources */ = {isa = PBXBuildFile; fileRef = OBJ_38 /* InputOrigin.swift */; };
		OBJ_93 /* Name.swift in Sources */ = {isa = PBXBuildFile; fileRef = OBJ_39 /* Name.swift */; };
		OBJ_94 /* Parsed.swift in Sources */ = {isa = PBXBuildFile; fileRef = OBJ_40 /* Parsed.swift */; };
		OBJ_95 /* ParsedValues.swift in Sources */ = {isa = PBXBuildFile; fileRef = OBJ_41 /* ParsedValues.swift */; };
		OBJ_96 /* ParserError.swift in Sources */ = {isa = PBXBuildFile; fileRef = OBJ_42 /* ParserError.swift */; };
		OBJ_97 /* SplitArguments.swift in Sources */ = {isa = PBXBuildFile; fileRef = OBJ_43 /* SplitArguments.swift */; };
		OBJ_98 /* HelpCommand.swift in Sources */ = {isa = PBXBuildFile; fileRef = OBJ_45 /* HelpCommand.swift */; };
		OBJ_99 /* HelpGenerator.swift in Sources */ = {isa = PBXBuildFile; fileRef = OBJ_46 /* HelpGenerator.swift */; };
/* End PBXBuildFile section */

/* Begin PBXContainerItemProxy section */
		83A66C7D2558AA4A00ECDA0D /* PBXContainerItemProxy */ = {
			isa = PBXContainerItemProxy;
			containerPortal = OBJ_1 /* Project object */;
			proxyType = 1;
			remoteGlobalIDString = "ColorizeSwift::ColorizeSwift";
			remoteInfo = ColorizeSwift;
		};
		83A66C7E2558AA4A00ECDA0D /* PBXContainerItemProxy */ = {
			isa = PBXContainerItemProxy;
			containerPortal = OBJ_1 /* Project object */;
			proxyType = 1;
			remoteGlobalIDString = "swift-argument-parser::ArgumentParser";
			remoteInfo = ArgumentParser;
		};
		83A66C7F2558AA4A00ECDA0D /* PBXContainerItemProxy */ = {
			isa = PBXContainerItemProxy;
			containerPortal = OBJ_1 /* Project object */;
			proxyType = 1;
			remoteGlobalIDString = "swan-xcodebuild::swan-xcodebuild";
			remoteInfo = "swan-xcodebuild";
		};
		83A66C802558AA4A00ECDA0D /* PBXContainerItemProxy */ = {
			isa = PBXContainerItemProxy;
			containerPortal = OBJ_1 /* Project object */;
			proxyType = 1;
			remoteGlobalIDString = "ColorizeSwift::ColorizeSwift";
			remoteInfo = ColorizeSwift;
		};
		83A66C812558AA4A00ECDA0D /* PBXContainerItemProxy */ = {
			isa = PBXContainerItemProxy;
			containerPortal = OBJ_1 /* Project object */;
			proxyType = 1;
			remoteGlobalIDString = "swift-argument-parser::ArgumentParser";
			remoteInfo = ArgumentParser;
		};
/* End PBXContainerItemProxy section */

/* Begin PBXFileReference section */
		"ColorizeSwift::ColorizeSwift::Product" /* ColorizeSwift.framework */ = {isa = PBXFileReference; lastKnownFileType = wrapper.framework; path = ColorizeSwift.framework; sourceTree = BUILT_PRODUCTS_DIR; };
		OBJ_12 /* XCTestManifests.swift */ = {isa = PBXFileReference; lastKnownFileType = sourcecode.swift; path = XCTestManifests.swift; sourceTree = "<group>"; };
		OBJ_13 /* swan_xcodebuildTests.swift */ = {isa = PBXFileReference; lastKnownFileType = sourcecode.swift; path = swan_xcodebuildTests.swift; sourceTree = "<group>"; };
		OBJ_18 /* Argument.swift */ = {isa = PBXFileReference; lastKnownFileType = sourcecode.swift; path = Argument.swift; sourceTree = "<group>"; };
		OBJ_19 /* ArgumentHelp.swift */ = {isa = PBXFileReference; lastKnownFileType = sourcecode.swift; path = ArgumentHelp.swift; sourceTree = "<group>"; };
		OBJ_20 /* Errors.swift */ = {isa = PBXFileReference; lastKnownFileType = sourcecode.swift; path = Errors.swift; sourceTree = "<group>"; };
		OBJ_21 /* Flag.swift */ = {isa = PBXFileReference; lastKnownFileType = sourcecode.swift; path = Flag.swift; sourceTree = "<group>"; };
		OBJ_22 /* NameSpecification.swift */ = {isa = PBXFileReference; lastKnownFileType = sourcecode.swift; path = NameSpecification.swift; sourceTree = "<group>"; };
		OBJ_23 /* Option.swift */ = {isa = PBXFileReference; lastKnownFileType = sourcecode.swift; path = Option.swift; sourceTree = "<group>"; };
		OBJ_24 /* OptionGroup.swift */ = {isa = PBXFileReference; lastKnownFileType = sourcecode.swift; path = OptionGroup.swift; sourceTree = "<group>"; };
		OBJ_26 /* CommandConfiguration.swift */ = {isa = PBXFileReference; lastKnownFileType = sourcecode.swift; path = CommandConfiguration.swift; sourceTree = "<group>"; };
		OBJ_27 /* EnumerableFlag.swift */ = {isa = PBXFileReference; lastKnownFileType = sourcecode.swift; path = EnumerableFlag.swift; sourceTree = "<group>"; };
		OBJ_28 /* ExpressibleByArgument.swift */ = {isa = PBXFileReference; lastKnownFileType = sourcecode.swift; path = ExpressibleByArgument.swift; sourceTree = "<group>"; };
		OBJ_29 /* ParsableArguments.swift */ = {isa = PBXFileReference; lastKnownFileType = sourcecode.swift; path = ParsableArguments.swift; sourceTree = "<group>"; };
		OBJ_30 /* ParsableArgumentsValidation.swift */ = {isa = PBXFileReference; lastKnownFileType = sourcecode.swift; path = ParsableArgumentsValidation.swift; sourceTree = "<group>"; };
		OBJ_31 /* ParsableCommand.swift */ = {isa = PBXFileReference; lastKnownFileType = sourcecode.swift; path = ParsableCommand.swift; sourceTree = "<group>"; };
		OBJ_33 /* ArgumentDecoder.swift */ = {isa = PBXFileReference; lastKnownFileType = sourcecode.swift; path = ArgumentDecoder.swift; sourceTree = "<group>"; };
		OBJ_34 /* ArgumentDefinition.swift */ = {isa = PBXFileReference; lastKnownFileType = sourcecode.swift; path = ArgumentDefinition.swift; sourceTree = "<group>"; };
		OBJ_35 /* ArgumentSet.swift */ = {isa = PBXFileReference; lastKnownFileType = sourcecode.swift; path = ArgumentSet.swift; sourceTree = "<group>"; };
		OBJ_36 /* ArgumentSetSequence.swift */ = {isa = PBXFileReference; lastKnownFileType = sourcecode.swift; path = ArgumentSetSequence.swift; sourceTree = "<group>"; };
		OBJ_37 /* CommandParser.swift */ = {isa = PBXFileReference; lastKnownFileType = sourcecode.swift; path = CommandParser.swift; sourceTree = "<group>"; };
		OBJ_38 /* InputOrigin.swift */ = {isa = PBXFileReference; lastKnownFileType = sourcecode.swift; path = InputOrigin.swift; sourceTree = "<group>"; };
		OBJ_39 /* Name.swift */ = {isa = PBXFileReference; lastKnownFileType = sourcecode.swift; path = Name.swift; sourceTree = "<group>"; };
		OBJ_40 /* Parsed.swift */ = {isa = PBXFileReference; lastKnownFileType = sourcecode.swift; path = Parsed.swift; sourceTree = "<group>"; };
		OBJ_41 /* ParsedValues.swift */ = {isa = PBXFileReference; lastKnownFileType = sourcecode.swift; path = ParsedValues.swift; sourceTree = "<group>"; };
		OBJ_42 /* ParserError.swift */ = {isa = PBXFileReference; lastKnownFileType = sourcecode.swift; path = ParserError.swift; sourceTree = "<group>"; };
		OBJ_43 /* SplitArguments.swift */ = {isa = PBXFileReference; lastKnownFileType = sourcecode.swift; path = SplitArguments.swift; sourceTree = "<group>"; };
		OBJ_45 /* HelpCommand.swift */ = {isa = PBXFileReference; lastKnownFileType = sourcecode.swift; path = HelpCommand.swift; sourceTree = "<group>"; };
		OBJ_46 /* HelpGenerator.swift */ = {isa = PBXFileReference; lastKnownFileType = sourcecode.swift; path = HelpGenerator.swift; sourceTree = "<group>"; };
		OBJ_47 /* MessageInfo.swift */ = {isa = PBXFileReference; lastKnownFileType = sourcecode.swift; path = MessageInfo.swift; sourceTree = "<group>"; };
		OBJ_48 /* UsageGenerator.swift */ = {isa = PBXFileReference; lastKnownFileType = sourcecode.swift; path = UsageGenerator.swift; sourceTree = "<group>"; };
		OBJ_50 /* StringExtensions.swift */ = {isa = PBXFileReference; lastKnownFileType = sourcecode.swift; path = StringExtensions.swift; sourceTree = "<group>"; };
		OBJ_51 /* Tree.swift */ = {isa = PBXFileReference; lastKnownFileType = sourcecode.swift; path = Tree.swift; sourceTree = "<group>"; };
		OBJ_57 /* Package.swift */ = {isa = PBXFileReference; explicitFileType = sourcecode.swift; name = Package.swift; path = "/Users/tiganov/Documents/swan-spds/swan-xcodebuild/.build/checkouts/swift-argument-parser/Package.swift"; sourceTree = "<group>"; };
		OBJ_6 /* Package.swift */ = {isa = PBXFileReference; explicitFileType = sourcecode.swift; path = Package.swift; sourceTree = "<group>"; };
		OBJ_60 /* ColorizeSwift.swift */ = {isa = PBXFileReference; lastKnownFileType = sourcecode.swift; path = ColorizeSwift.swift; sourceTree = "<group>"; };
		OBJ_61 /* Package.swift */ = {isa = PBXFileReference; explicitFileType = sourcecode.swift; name = Package.swift; path = "/Users/tiganov/Documents/swan-spds/swan-xcodebuild/.build/checkouts/ColorizeSwift/Package.swift"; sourceTree = "<group>"; };
		OBJ_67 /* swan-sil */ = {isa = PBXFileReference; lastKnownFileType = folder; path = "swan-sil"; sourceTree = SOURCE_ROOT; };
		OBJ_68 /* README.md */ = {isa = PBXFileReference; lastKnownFileType = net.daringfireball.markdown; path = README.md; sourceTree = "<group>"; };
		OBJ_9 /* main.swift */ = {isa = PBXFileReference; lastKnownFileType = sourcecode.swift; path = main.swift; sourceTree = "<group>"; };
		"swan-xcodebuild::swan-xcodebuild::Product" /* swan-xcodebuild */ = {isa = PBXFileReference; explicitFileType = "compiled.mach-o.executable"; path = "swan-xcodebuild"; sourceTree = BUILT_PRODUCTS_DIR; };
		"swan-xcodebuild::swan-xcodebuildTests::Product" /* swan_xcodebuildTests.xctest */ = {isa = PBXFileReference; lastKnownFileType = file; name = swan_xcodebuildTests.xctest; path = "swan-xcodebuildTests.xctest"; sourceTree = BUILT_PRODUCTS_DIR; };
		"swift-argument-parser::ArgumentParser::Product" /* ArgumentParser.framework */ = {isa = PBXFileReference; lastKnownFileType = wrapper.framework; path = ArgumentParser.framework; sourceTree = BUILT_PRODUCTS_DIR; };
/* End PBXFileReference section */

/* Begin PBXFrameworksBuildPhase section */
		OBJ_104 /* Frameworks */ = {
			isa = PBXFrameworksBuildPhase;
			buildActionMask = 0;
			files = (
			);
			runOnlyForDeploymentPostprocessing = 0;
		};
		OBJ_111 /* Frameworks */ = {
			isa = PBXFrameworksBuildPhase;
			buildActionMask = 0;
			files = (
			);
			runOnlyForDeploymentPostprocessing = 0;
		};
		OBJ_124 /* Frameworks */ = {
			isa = PBXFrameworksBuildPhase;
			buildActionMask = 0;
			files = (
				83A66C822558AA6B00ECDA0D /* ArgumentParser.framework in Frameworks */,
				83A66C852558AA6D00ECDA0D /* ColorizeSwift.framework in Frameworks */,
			);
			runOnlyForDeploymentPostprocessing = 0;
		};
		OBJ_147 /* Frameworks */ = {
			isa = PBXFrameworksBuildPhase;
			buildActionMask = 0;
			files = (
				OBJ_148 /* ColorizeSwift.framework in Frameworks */,
				OBJ_149 /* ArgumentParser.framework in Frameworks */,
			);
			runOnlyForDeploymentPostprocessing = 0;
		};
/* End PBXFrameworksBuildPhase section */

/* Begin PBXGroup section */
		OBJ_10 /* Tests */ = {
			isa = PBXGroup;
			children = (
				OBJ_11 /* swan-xcodebuildTests */,
			);
			name = Tests;
			sourceTree = SOURCE_ROOT;
		};
		OBJ_11 /* swan-xcodebuildTests */ = {
			isa = PBXGroup;
			children = (
				OBJ_12 /* XCTestManifests.swift */,
				OBJ_13 /* swan_xcodebuildTests.swift */,
			);
			name = "swan-xcodebuildTests";
			path = "Tests/swan-xcodebuildTests";
			sourceTree = SOURCE_ROOT;
		};
		OBJ_14 /* Dependencies */ = {
			isa = PBXGroup;
			children = (
				OBJ_15 /* swift-argument-parser 0.1.0 */,
				OBJ_58 /* ColorizeSwift 1.6.0 */,
			);
			name = Dependencies;
			sourceTree = "<group>";
		};
		OBJ_15 /* swift-argument-parser 0.1.0 */ = {
			isa = PBXGroup;
			children = (
				OBJ_16 /* ArgumentParser */,
				OBJ_52 /* ArgumentParserTestHelpers */,
				OBJ_53 /* changelog-authors */,
				OBJ_54 /* math */,
				OBJ_55 /* repeat */,
				OBJ_56 /* roll */,
				OBJ_57 /* Package.swift */,
			);
			name = "swift-argument-parser 0.1.0";
			sourceTree = SOURCE_ROOT;
		};
		OBJ_16 /* ArgumentParser */ = {
			isa = PBXGroup;
			children = (
				OBJ_17 /* Parsable Properties */,
				OBJ_25 /* Parsable Types */,
				OBJ_32 /* Parsing */,
				OBJ_44 /* Usage */,
				OBJ_49 /* Utilities */,
			);
			name = ArgumentParser;
			path = ".build/checkouts/swift-argument-parser/Sources/ArgumentParser";
			sourceTree = SOURCE_ROOT;
		};
		OBJ_17 /* Parsable Properties */ = {
			isa = PBXGroup;
			children = (
				OBJ_18 /* Argument.swift */,
				OBJ_19 /* ArgumentHelp.swift */,
				OBJ_20 /* Errors.swift */,
				OBJ_21 /* Flag.swift */,
				OBJ_22 /* NameSpecification.swift */,
				OBJ_23 /* Option.swift */,
				OBJ_24 /* OptionGroup.swift */,
			);
			path = "Parsable Properties";
			sourceTree = "<group>";
		};
		OBJ_25 /* Parsable Types */ = {
			isa = PBXGroup;
			children = (
				OBJ_26 /* CommandConfiguration.swift */,
				OBJ_27 /* EnumerableFlag.swift */,
				OBJ_28 /* ExpressibleByArgument.swift */,
				OBJ_29 /* ParsableArguments.swift */,
				OBJ_30 /* ParsableArgumentsValidation.swift */,
				OBJ_31 /* ParsableCommand.swift */,
			);
			path = "Parsable Types";
			sourceTree = "<group>";
		};
		OBJ_32 /* Parsing */ = {
			isa = PBXGroup;
			children = (
				OBJ_33 /* ArgumentDecoder.swift */,
				OBJ_34 /* ArgumentDefinition.swift */,
				OBJ_35 /* ArgumentSet.swift */,
				OBJ_36 /* ArgumentSetSequence.swift */,
				OBJ_37 /* CommandParser.swift */,
				OBJ_38 /* InputOrigin.swift */,
				OBJ_39 /* Name.swift */,
				OBJ_40 /* Parsed.swift */,
				OBJ_41 /* ParsedValues.swift */,
				OBJ_42 /* ParserError.swift */,
				OBJ_43 /* SplitArguments.swift */,
			);
			path = Parsing;
			sourceTree = "<group>";
		};
		OBJ_44 /* Usage */ = {
			isa = PBXGroup;
			children = (
				OBJ_45 /* HelpCommand.swift */,
				OBJ_46 /* HelpGenerator.swift */,
				OBJ_47 /* MessageInfo.swift */,
				OBJ_48 /* UsageGenerator.swift */,
			);
			path = Usage;
			sourceTree = "<group>";
		};
		OBJ_49 /* Utilities */ = {
			isa = PBXGroup;
			children = (
				OBJ_50 /* StringExtensions.swift */,
				OBJ_51 /* Tree.swift */,
			);
			path = Utilities;
			sourceTree = "<group>";
		};
		OBJ_5 /*  */ = {
			isa = PBXGroup;
			children = (
				OBJ_6 /* Package.swift */,
				OBJ_7 /* Sources */,
				OBJ_10 /* Tests */,
				OBJ_14 /* Dependencies */,
				OBJ_62 /* Products */,
				OBJ_67 /* swan-sil */,
				OBJ_68 /* README.md */,
			);
			name = "";
			sourceTree = "<group>";
		};
		OBJ_52 /* ArgumentParserTestHelpers */ = {
			isa = PBXGroup;
			children = (
			);
			name = ArgumentParserTestHelpers;
			path = ".build/checkouts/swift-argument-parser/Sources/ArgumentParserTestHelpers";
			sourceTree = SOURCE_ROOT;
		};
		OBJ_53 /* changelog-authors */ = {
			isa = PBXGroup;
			children = (
			);
			name = "changelog-authors";
			path = ".build/checkouts/swift-argument-parser/Tools/changelog-authors";
			sourceTree = SOURCE_ROOT;
		};
		OBJ_54 /* math */ = {
			isa = PBXGroup;
			children = (
			);
			name = math;
			path = ".build/checkouts/swift-argument-parser/Examples/math";
			sourceTree = SOURCE_ROOT;
		};
		OBJ_55 /* repeat */ = {
			isa = PBXGroup;
			children = (
			);
			name = repeat;
			path = ".build/checkouts/swift-argument-parser/Examples/repeat";
			sourceTree = SOURCE_ROOT;
		};
		OBJ_56 /* roll */ = {
			isa = PBXGroup;
			children = (
			);
			name = roll;
			path = ".build/checkouts/swift-argument-parser/Examples/roll";
			sourceTree = SOURCE_ROOT;
		};
		OBJ_58 /* ColorizeSwift 1.6.0 */ = {
			isa = PBXGroup;
			children = (
				OBJ_59 /* ColorizeSwift */,
				OBJ_61 /* Package.swift */,
			);
			name = "ColorizeSwift 1.6.0";
			sourceTree = SOURCE_ROOT;
		};
		OBJ_59 /* ColorizeSwift */ = {
			isa = PBXGroup;
			children = (
				OBJ_60 /* ColorizeSwift.swift */,
			);
			name = ColorizeSwift;
			path = .build/checkouts/ColorizeSwift/Sources/ColorizeSwift;
			sourceTree = SOURCE_ROOT;
		};
		OBJ_62 /* Products */ = {
			isa = PBXGroup;
			children = (
				"ColorizeSwift::ColorizeSwift::Product" /* ColorizeSwift.framework */,
				"swift-argument-parser::ArgumentParser::Product" /* ArgumentParser.framework */,
				"swan-xcodebuild::swan-xcodebuild::Product" /* swan-xcodebuild */,
				"swan-xcodebuild::swan-xcodebuildTests::Product" /* swan_xcodebuildTests.xctest */,
			);
			name = Products;
			sourceTree = BUILT_PRODUCTS_DIR;
		};
		OBJ_7 /* Sources */ = {
			isa = PBXGroup;
			children = (
				OBJ_8 /* swan-xcodebuild */,
			);
			name = Sources;
			sourceTree = SOURCE_ROOT;
		};
		OBJ_8 /* swan-xcodebuild */ = {
			isa = PBXGroup;
			children = (
				OBJ_9 /* main.swift */,
			);
			name = "swan-xcodebuild";
			path = "Sources/swan-xcodebuild";
			sourceTree = SOURCE_ROOT;
		};
/* End PBXGroup section */

/* Begin PBXNativeTarget section */
		"ColorizeSwift::ColorizeSwift" /* ColorizeSwift */ = {
			isa = PBXNativeTarget;
			buildConfigurationList = OBJ_106 /* Build configuration list for PBXNativeTarget "ColorizeSwift" */;
			buildPhases = (
				OBJ_109 /* Sources */,
				OBJ_111 /* Frameworks */,
			);
			buildRules = (
			);
			dependencies = (
			);
			name = ColorizeSwift;
			productName = ColorizeSwift;
			productReference = "ColorizeSwift::ColorizeSwift::Product" /* ColorizeSwift.framework */;
			productType = "com.apple.product-type.framework";
		};
		"ColorizeSwift::SwiftPMPackageDescription" /* ColorizeSwiftPackageDescription */ = {
			isa = PBXNativeTarget;
			buildConfigurationList = OBJ_113 /* Build configuration list for PBXNativeTarget "ColorizeSwiftPackageDescription" */;
			buildPhases = (
				OBJ_116 /* Sources */,
			);
			buildRules = (
			);
			dependencies = (
			);
			name = ColorizeSwiftPackageDescription;
			productName = ColorizeSwiftPackageDescription;
			productType = "com.apple.product-type.framework";
		};
		"swan-xcodebuild::SwiftPMPackageDescription" /* swan-xcodebuildPackageDescription */ = {
			isa = PBXNativeTarget;
			buildConfigurationList = OBJ_130 /* Build configuration list for PBXNativeTarget "swan-xcodebuildPackageDescription" */;
			buildPhases = (
				OBJ_133 /* Sources */,
			);
			buildRules = (
			);
			dependencies = (
			);
			name = "swan-xcodebuildPackageDescription";
			productName = "swan-xcodebuildPackageDescription";
			productType = "com.apple.product-type.framework";
		};
		"swan-xcodebuild::swan-xcodebuild" /* swan-xcodebuild */ = {
			isa = PBXNativeTarget;
			buildConfigurationList = OBJ_119 /* Build configuration list for PBXNativeTarget "swan-xcodebuild" */;
			buildPhases = (
				OBJ_122 /* Sources */,
				OBJ_124 /* Frameworks */,
			);
			buildRules = (
			);
			dependencies = (
				OBJ_127 /* PBXTargetDependency */,
				OBJ_128 /* PBXTargetDependency */,
			);
			name = "swan-xcodebuild";
			productName = swan_xcodebuild;
			productReference = "swan-xcodebuild::swan-xcodebuild::Product" /* swan-xcodebuild */;
			productType = "com.apple.product-type.tool";
		};
		"swan-xcodebuild::swan-xcodebuildTests" /* swan-xcodebuildTests */ = {
			isa = PBXNativeTarget;
			buildConfigurationList = OBJ_141 /* Build configuration list for PBXNativeTarget "swan-xcodebuildTests" */;
			buildPhases = (
				OBJ_144 /* Sources */,
				OBJ_147 /* Frameworks */,
			);
			buildRules = (
			);
			dependencies = (
				OBJ_150 /* PBXTargetDependency */,
				OBJ_151 /* PBXTargetDependency */,
				OBJ_152 /* PBXTargetDependency */,
			);
			name = "swan-xcodebuildTests";
			productName = swan_xcodebuildTests;
			productReference = "swan-xcodebuild::swan-xcodebuildTests::Product" /* swan_xcodebuildTests.xctest */;
			productType = "com.apple.product-type.bundle.unit-test";
		};
		"swift-argument-parser::ArgumentParser" /* ArgumentParser */ = {
			isa = PBXNativeTarget;
			buildConfigurationList = OBJ_70 /* Build configuration list for PBXNativeTarget "ArgumentParser" */;
			buildPhases = (
				OBJ_73 /* Sources */,
				OBJ_104 /* Frameworks */,
			);
			buildRules = (
			);
			dependencies = (
			);
			name = ArgumentParser;
			productName = ArgumentParser;
			productReference = "swift-argument-parser::ArgumentParser::Product" /* ArgumentParser.framework */;
			productType = "com.apple.product-type.framework";
		};
		"swift-argument-parser::SwiftPMPackageDescription" /* swift-argument-parserPackageDescription */ = {
			isa = PBXNativeTarget;
			buildConfigurationList = OBJ_154 /* Build configuration list for PBXNativeTarget "swift-argument-parserPackageDescription" */;
			buildPhases = (
				OBJ_157 /* Sources */,
			);
			buildRules = (
			);
			dependencies = (
			);
			name = "swift-argument-parserPackageDescription";
			productName = "swift-argument-parserPackageDescription";
			productType = "com.apple.product-type.framework";
		};
/* End PBXNativeTarget section */

/* Begin PBXProject section */
		OBJ_1 /* Project object */ = {
			isa = PBXProject;
			attributes = {
				LastSwiftMigration = 9999;
				LastUpgradeCheck = 9999;
			};
			buildConfigurationList = OBJ_2 /* Build configuration list for PBXProject "swan-xcodebuild" */;
			compatibilityVersion = "Xcode 3.2";
			developmentRegion = en;
			hasScannedForEncodings = 0;
			knownRegions = (
				en,
			);
			mainGroup = OBJ_5 /*  */;
			productRefGroup = OBJ_62 /* Products */;
			projectDirPath = "";
			projectRoot = "";
			targets = (
				"swift-argument-parser::ArgumentParser" /* ArgumentParser */,
				"ColorizeSwift::ColorizeSwift" /* ColorizeSwift */,
				"ColorizeSwift::SwiftPMPackageDescription" /* ColorizeSwiftPackageDescription */,
				"swan-xcodebuild::swan-xcodebuild" /* swan-xcodebuild */,
				"swan-xcodebuild::SwiftPMPackageDescription" /* swan-xcodebuildPackageDescription */,
				"swan-xcodebuild::swan-xcodebuildPackageTests::ProductTarget" /* swan-xcodebuildPackageTests */,
				"swan-xcodebuild::swan-xcodebuildTests" /* swan-xcodebuildTests */,
				"swift-argument-parser::SwiftPMPackageDescription" /* swift-argument-parserPackageDescription */,
			);
		};
/* End PBXProject section */

/* Begin PBXSourcesBuildPhase section */
		OBJ_109 /* Sources */ = {
			isa = PBXSourcesBuildPhase;
			buildActionMask = 0;
			files = (
				OBJ_110 /* ColorizeSwift.swift in Sources */,
			);
			runOnlyForDeploymentPostprocessing = 0;
		};
		OBJ_116 /* Sources */ = {
			isa = PBXSourcesBuildPhase;
			buildActionMask = 0;
			files = (
				OBJ_117 /* Package.swift in Sources */,
			);
			runOnlyForDeploymentPostprocessing = 0;
		};
		OBJ_122 /* Sources */ = {
			isa = PBXSourcesBuildPhase;
			buildActionMask = 0;
			files = (
				OBJ_123 /* main.swift in Sources */,
			);
			runOnlyForDeploymentPostprocessing = 0;
		};
		OBJ_133 /* Sources */ = {
			isa = PBXSourcesBuildPhase;
			buildActionMask = 0;
			files = (
				OBJ_134 /* Package.swift in Sources */,
			);
			runOnlyForDeploymentPostprocessing = 0;
		};
		OBJ_144 /* Sources */ = {
			isa = PBXSourcesBuildPhase;
			buildActionMask = 0;
			files = (
				OBJ_145 /* XCTestManifests.swift in Sources */,
				OBJ_146 /* swan_xcodebuildTests.swift in Sources */,
			);
			runOnlyForDeploymentPostprocessing = 0;
		};
		OBJ_157 /* Sources */ = {
			isa = PBXSourcesBuildPhase;
			buildActionMask = 0;
			files = (
				OBJ_158 /* Package.swift in Sources */,
			);
			runOnlyForDeploymentPostprocessing = 0;
		};
		OBJ_73 /* Sources */ = {
			isa = PBXSourcesBuildPhase;
			buildActionMask = 0;
			files = (
				OBJ_74 /* Argument.swift in Sources */,
				OBJ_75 /* ArgumentHelp.swift in Sources */,
				OBJ_76 /* Errors.swift in Sources */,
				OBJ_77 /* Flag.swift in Sources */,
				OBJ_78 /* NameSpecification.swift in Sources */,
				OBJ_79 /* Option.swift in Sources */,
				OBJ_80 /* OptionGroup.swift in Sources */,
				OBJ_81 /* CommandConfiguration.swift in Sources */,
				OBJ_82 /* EnumerableFlag.swift in Sources */,
				OBJ_83 /* ExpressibleByArgument.swift in Sources */,
				OBJ_84 /* ParsableArguments.swift in Sources */,
				OBJ_85 /* ParsableArgumentsValidation.swift in Sources */,
				OBJ_86 /* ParsableCommand.swift in Sources */,
				OBJ_87 /* ArgumentDecoder.swift in Sources */,
				OBJ_88 /* ArgumentDefinition.swift in Sources */,
				OBJ_89 /* ArgumentSet.swift in Sources */,
				OBJ_90 /* ArgumentSetSequence.swift in Sources */,
				OBJ_91 /* CommandParser.swift in Sources */,
				OBJ_92 /* InputOrigin.swift in Sources */,
				OBJ_93 /* Name.swift in Sources */,
				OBJ_94 /* Parsed.swift in Sources */,
				OBJ_95 /* ParsedValues.swift in Sources */,
				OBJ_96 /* ParserError.swift in Sources */,
				OBJ_97 /* SplitArguments.swift in Sources */,
				OBJ_98 /* HelpCommand.swift in Sources */,
				OBJ_99 /* HelpGenerator.swift in Sources */,
				OBJ_100 /* MessageInfo.swift in Sources */,
				OBJ_101 /* UsageGenerator.swift in Sources */,
				OBJ_102 /* StringExtensions.swift in Sources */,
				OBJ_103 /* Tree.swift in Sources */,
			);
			runOnlyForDeploymentPostprocessing = 0;
		};
/* End PBXSourcesBuildPhase section */

/* Begin PBXTargetDependency section */
		OBJ_127 /* PBXTargetDependency */ = {
			isa = PBXTargetDependency;
			target = "ColorizeSwift::ColorizeSwift" /* ColorizeSwift */;
			targetProxy = 83A66C7D2558AA4A00ECDA0D /* PBXContainerItemProxy */;
		};
		OBJ_128 /* PBXTargetDependency */ = {
			isa = PBXTargetDependency;
			target = "swift-argument-parser::ArgumentParser" /* ArgumentParser */;
			targetProxy = 83A66C7E2558AA4A00ECDA0D /* PBXContainerItemProxy */;
		};
		OBJ_139 /* PBXTargetDependency */ = {
			isa = PBXTargetDependency;
			target = "swan-xcodebuild::swan-xcodebuildTests" /* swan-xcodebuildTests */;
			targetProxy = "swan-xcodebuild::swan-xcodebuildTests" /* swan-xcodebuildTests */;
		};
		OBJ_150 /* PBXTargetDependency */ = {
			isa = PBXTargetDependency;
			target = "swan-xcodebuild::swan-xcodebuild" /* swan-xcodebuild */;
			targetProxy = 83A66C7F2558AA4A00ECDA0D /* PBXContainerItemProxy */;
		};
		OBJ_151 /* PBXTargetDependency */ = {
			isa = PBXTargetDependency;
			target = "ColorizeSwift::ColorizeSwift" /* ColorizeSwift */;
			targetProxy = 83A66C802558AA4A00ECDA0D /* PBXContainerItemProxy */;
		};
		OBJ_152 /* PBXTargetDependency */ = {
			isa = PBXTargetDependency;
			target = "swift-argument-parser::ArgumentParser" /* ArgumentParser */;
			targetProxy = 83A66C812558AA4A00ECDA0D /* PBXContainerItemProxy */;
		};
/* End PBXTargetDependency section */

/* Begin XCBuildConfiguration section */
		OBJ_107 /* Debug */ = {
			isa = XCBuildConfiguration;
			buildSettings = {
				ENABLE_TESTABILITY = YES;
				FRAMEWORK_SEARCH_PATHS = (
					"$(inherited)",
					"$(PLATFORM_DIR)/Developer/Library/Frameworks",
				);
				HEADER_SEARCH_PATHS = "$(inherited)";
				INFOPLIST_FILE = "swan-xcodebuild.xcodeproj/ColorizeSwift_Info.plist";
				LD_RUNPATH_SEARCH_PATHS = "$(inherited) $(TOOLCHAIN_DIR)/usr/lib/swift/macosx";
				OTHER_CFLAGS = "$(inherited)";
				OTHER_LDFLAGS = "$(inherited)";
				OTHER_SWIFT_FLAGS = "$(inherited)";
				PRODUCT_BUNDLE_IDENTIFIER = ColorizeSwift;
				PRODUCT_MODULE_NAME = "$(TARGET_NAME:c99extidentifier)";
				PRODUCT_NAME = "$(TARGET_NAME:c99extidentifier)";
				SKIP_INSTALL = YES;
				SWIFT_ACTIVE_COMPILATION_CONDITIONS = "$(inherited)";
				SWIFT_VERSION = 4.0;
				TARGET_NAME = ColorizeSwift;
			};
			name = Debug;
		};
		OBJ_108 /* Release */ = {
			isa = XCBuildConfiguration;
			buildSettings = {
				ENABLE_TESTABILITY = YES;
				FRAMEWORK_SEARCH_PATHS = (
					"$(inherited)",
					"$(PLATFORM_DIR)/Developer/Library/Frameworks",
				);
				HEADER_SEARCH_PATHS = "$(inherited)";
				INFOPLIST_FILE = "swan-xcodebuild.xcodeproj/ColorizeSwift_Info.plist";
				LD_RUNPATH_SEARCH_PATHS = "$(inherited) $(TOOLCHAIN_DIR)/usr/lib/swift/macosx";
				OTHER_CFLAGS = "$(inherited)";
				OTHER_LDFLAGS = "$(inherited)";
				OTHER_SWIFT_FLAGS = "$(inherited)";
				PRODUCT_BUNDLE_IDENTIFIER = ColorizeSwift;
				PRODUCT_MODULE_NAME = "$(TARGET_NAME:c99extidentifier)";
				PRODUCT_NAME = "$(TARGET_NAME:c99extidentifier)";
				SKIP_INSTALL = YES;
				SWIFT_ACTIVE_COMPILATION_CONDITIONS = "$(inherited)";
				SWIFT_VERSION = 4.0;
				TARGET_NAME = ColorizeSwift;
			};
			name = Release;
		};
		OBJ_114 /* Debug */ = {
			isa = XCBuildConfiguration;
			buildSettings = {
				LD = /usr/bin/true;
				OTHER_SWIFT_FLAGS = "-swift-version 4 -I $(TOOLCHAIN_DIR)/usr/lib/swift/pm/4 -target x86_64-apple-macosx10.10 -sdk /Applications/Xcode.app/Contents/Developer/Platforms/MacOSX.platform/Developer/SDKs/MacOSX10.15.sdk -package-description-version 4";
				SWIFT_VERSION = 4.0;
			};
			name = Debug;
		};
		OBJ_115 /* Release */ = {
			isa = XCBuildConfiguration;
			buildSettings = {
				LD = /usr/bin/true;
				OTHER_SWIFT_FLAGS = "-swift-version 4 -I $(TOOLCHAIN_DIR)/usr/lib/swift/pm/4 -target x86_64-apple-macosx10.10 -sdk /Applications/Xcode.app/Contents/Developer/Platforms/MacOSX.platform/Developer/SDKs/MacOSX10.15.sdk -package-description-version 4";
				SWIFT_VERSION = 4.0;
			};
			name = Release;
		};
		OBJ_120 /* Debug */ = {
			isa = XCBuildConfiguration;
			buildSettings = {
				FRAMEWORK_SEARCH_PATHS = (
					"$(inherited)",
					"$(PLATFORM_DIR)/Developer/Library/Frameworks",
				);
				HEADER_SEARCH_PATHS = "$(inherited)";
				INFOPLIST_FILE = "swan-xcodebuild.xcodeproj/swan_xcodebuild_Info.plist";
				IPHONEOS_DEPLOYMENT_TARGET = 8.0;
				LD_RUNPATH_SEARCH_PATHS = "$(inherited) $(TOOLCHAIN_DIR)/usr/lib/swift/macosx @executable_path";
				MACOSX_DEPLOYMENT_TARGET = 10.10;
				OTHER_CFLAGS = "$(inherited)";
				OTHER_LDFLAGS = "$(inherited)";
				OTHER_SWIFT_FLAGS = "$(inherited)";
				SWIFT_ACTIVE_COMPILATION_CONDITIONS = "$(inherited)";
				SWIFT_FORCE_DYNAMIC_LINK_STDLIB = YES;
				SWIFT_FORCE_STATIC_LINK_STDLIB = NO;
				SWIFT_VERSION = 5.0;
				TARGET_NAME = "swan-xcodebuild";
				TVOS_DEPLOYMENT_TARGET = 9.0;
				WATCHOS_DEPLOYMENT_TARGET = 2.0;
			};
			name = Debug;
		};
		OBJ_121 /* Release */ = {
			isa = XCBuildConfiguration;
			buildSettings = {
				FRAMEWORK_SEARCH_PATHS = (
					"$(inherited)",
					"$(PLATFORM_DIR)/Developer/Library/Frameworks",
				);
				HEADER_SEARCH_PATHS = "$(inherited)";
				INFOPLIST_FILE = "swan-xcodebuild.xcodeproj/swan_xcodebuild_Info.plist";
				IPHONEOS_DEPLOYMENT_TARGET = 8.0;
				LD_RUNPATH_SEARCH_PATHS = "$(inherited) $(TOOLCHAIN_DIR)/usr/lib/swift/macosx @executable_path";
				MACOSX_DEPLOYMENT_TARGET = 10.10;
				OTHER_CFLAGS = "$(inherited)";
				OTHER_LDFLAGS = "$(inherited)";
				OTHER_SWIFT_FLAGS = "$(inherited)";
				SWIFT_ACTIVE_COMPILATION_CONDITIONS = "$(inherited)";
				SWIFT_FORCE_DYNAMIC_LINK_STDLIB = YES;
				SWIFT_FORCE_STATIC_LINK_STDLIB = NO;
				SWIFT_VERSION = 5.0;
				TARGET_NAME = "swan-xcodebuild";
				TVOS_DEPLOYMENT_TARGET = 9.0;
				WATCHOS_DEPLOYMENT_TARGET = 2.0;
			};
			name = Release;
		};
		OBJ_131 /* Debug */ = {
			isa = XCBuildConfiguration;
			buildSettings = {
				LD = /usr/bin/true;
				OTHER_SWIFT_FLAGS = "-swift-version 5 -I $(TOOLCHAIN_DIR)/usr/lib/swift/pm/4_2 -target x86_64-apple-macosx10.10 -sdk /Applications/Xcode.app/Contents/Developer/Platforms/MacOSX.platform/Developer/SDKs/MacOSX10.15.sdk -package-description-version 5.1";
				SWIFT_VERSION = 5.0;
			};
			name = Debug;
		};
		OBJ_132 /* Release */ = {
			isa = XCBuildConfiguration;
			buildSettings = {
				LD = /usr/bin/true;
				OTHER_SWIFT_FLAGS = "-swift-version 5 -I $(TOOLCHAIN_DIR)/usr/lib/swift/pm/4_2 -target x86_64-apple-macosx10.10 -sdk /Applications/Xcode.app/Contents/Developer/Platforms/MacOSX.platform/Developer/SDKs/MacOSX10.15.sdk -package-description-version 5.1";
				SWIFT_VERSION = 5.0;
			};
			name = Release;
		};
		OBJ_137 /* Debug */ = {
			isa = XCBuildConfiguration;
			buildSettings = {
			};
			name = Debug;
		};
		OBJ_138 /* Release */ = {
			isa = XCBuildConfiguration;
			buildSettings = {
			};
			name = Release;
		};
		OBJ_142 /* Debug */ = {
			isa = XCBuildConfiguration;
			buildSettings = {
				CLANG_ENABLE_MODULES = YES;
				EMBEDDED_CONTENT_CONTAINS_SWIFT = YES;
				FRAMEWORK_SEARCH_PATHS = (
					"$(inherited)",
					"$(PLATFORM_DIR)/Developer/Library/Frameworks",
				);
				HEADER_SEARCH_PATHS = "$(inherited)";
				INFOPLIST_FILE = "swan-xcodebuild.xcodeproj/swan_xcodebuildTests_Info.plist";
				IPHONEOS_DEPLOYMENT_TARGET = 8.0;
				LD_RUNPATH_SEARCH_PATHS = "$(inherited) @loader_path/../Frameworks @loader_path/Frameworks";
				MACOSX_DEPLOYMENT_TARGET = 10.10;
				OTHER_CFLAGS = "$(inherited)";
				OTHER_LDFLAGS = "$(inherited)";
				OTHER_SWIFT_FLAGS = "$(inherited)";
				SWIFT_ACTIVE_COMPILATION_CONDITIONS = "$(inherited)";
				SWIFT_VERSION = 5.0;
				TARGET_NAME = "swan-xcodebuildTests";
				TVOS_DEPLOYMENT_TARGET = 9.0;
				WATCHOS_DEPLOYMENT_TARGET = 2.0;
			};
			name = Debug;
		};
		OBJ_143 /* Release */ = {
			isa = XCBuildConfiguration;
			buildSettings = {
				CLANG_ENABLE_MODULES = YES;
				EMBEDDED_CONTENT_CONTAINS_SWIFT = YES;
				FRAMEWORK_SEARCH_PATHS = (
					"$(inherited)",
					"$(PLATFORM_DIR)/Developer/Library/Frameworks",
				);
				HEADER_SEARCH_PATHS = "$(inherited)";
				INFOPLIST_FILE = "swan-xcodebuild.xcodeproj/swan_xcodebuildTests_Info.plist";
				IPHONEOS_DEPLOYMENT_TARGET = 8.0;
				LD_RUNPATH_SEARCH_PATHS = "$(inherited) @loader_path/../Frameworks @loader_path/Frameworks";
				MACOSX_DEPLOYMENT_TARGET = 10.10;
				OTHER_CFLAGS = "$(inherited)";
				OTHER_LDFLAGS = "$(inherited)";
				OTHER_SWIFT_FLAGS = "$(inherited)";
				SWIFT_ACTIVE_COMPILATION_CONDITIONS = "$(inherited)";
				SWIFT_VERSION = 5.0;
				TARGET_NAME = "swan-xcodebuildTests";
				TVOS_DEPLOYMENT_TARGET = 9.0;
				WATCHOS_DEPLOYMENT_TARGET = 2.0;
			};
			name = Release;
		};
		OBJ_155 /* Debug */ = {
			isa = XCBuildConfiguration;
			buildSettings = {
				LD = /usr/bin/true;
				OTHER_SWIFT_FLAGS = "-swift-version 5 -I $(TOOLCHAIN_DIR)/usr/lib/swift/pm/4_2 -target x86_64-apple-macosx10.10 -sdk /Applications/Xcode.app/Contents/Developer/Platforms/MacOSX.platform/Developer/SDKs/MacOSX10.15.sdk -package-description-version 5.1";
				SWIFT_VERSION = 5.0;
			};
			name = Debug;
		};
		OBJ_156 /* Release */ = {
			isa = XCBuildConfiguration;
			buildSettings = {
				LD = /usr/bin/true;
				OTHER_SWIFT_FLAGS = "-swift-version 5 -I $(TOOLCHAIN_DIR)/usr/lib/swift/pm/4_2 -target x86_64-apple-macosx10.10 -sdk /Applications/Xcode.app/Contents/Developer/Platforms/MacOSX.platform/Developer/SDKs/MacOSX10.15.sdk -package-description-version 5.1";
				SWIFT_VERSION = 5.0;
			};
			name = Release;
		};
		OBJ_3 /* Debug */ = {
			isa = XCBuildConfiguration;
			buildSettings = {
				CLANG_ENABLE_OBJC_ARC = YES;
				COMBINE_HIDPI_IMAGES = YES;
				COPY_PHASE_STRIP = NO;
				DEBUG_INFORMATION_FORMAT = dwarf;
				DYLIB_INSTALL_NAME_BASE = "@rpath";
				ENABLE_NS_ASSERTIONS = YES;
				GCC_OPTIMIZATION_LEVEL = 0;
				GCC_PREPROCESSOR_DEFINITIONS = (
					"$(inherited)",
					"SWIFT_PACKAGE=1",
					"DEBUG=1",
				);
				MACOSX_DEPLOYMENT_TARGET = 10.10;
				ONLY_ACTIVE_ARCH = YES;
				OTHER_SWIFT_FLAGS = "$(inherited) -DXcode";
				PRODUCT_NAME = "$(TARGET_NAME)";
				SDKROOT = macosx;
				SUPPORTED_PLATFORMS = "macosx iphoneos iphonesimulator appletvos appletvsimulator watchos watchsimulator";
				SWIFT_ACTIVE_COMPILATION_CONDITIONS = "$(inherited) SWIFT_PACKAGE DEBUG";
				SWIFT_OPTIMIZATION_LEVEL = "-Onone";
				USE_HEADERMAP = NO;
			};
			name = Debug;
		};
		OBJ_4 /* Release */ = {
			isa = XCBuildConfiguration;
			buildSettings = {
				CLANG_ENABLE_OBJC_ARC = YES;
				COMBINE_HIDPI_IMAGES = YES;
				COPY_PHASE_STRIP = YES;
				DEBUG_INFORMATION_FORMAT = "dwarf-with-dsym";
				DYLIB_INSTALL_NAME_BASE = "@rpath";
				GCC_OPTIMIZATION_LEVEL = s;
				GCC_PREPROCESSOR_DEFINITIONS = (
					"$(inherited)",
					"SWIFT_PACKAGE=1",
				);
				MACOSX_DEPLOYMENT_TARGET = 10.10;
				OTHER_SWIFT_FLAGS = "$(inherited) -DXcode";
				PRODUCT_NAME = "$(TARGET_NAME)";
				SDKROOT = macosx;
				SUPPORTED_PLATFORMS = "macosx iphoneos iphonesimulator appletvos appletvsimulator watchos watchsimulator";
				SWIFT_ACTIVE_COMPILATION_CONDITIONS = "$(inherited) SWIFT_PACKAGE";
				SWIFT_OPTIMIZATION_LEVEL = "-Owholemodule";
				USE_HEADERMAP = NO;
			};
			name = Release;
		};
		OBJ_71 /* Debug */ = {
			isa = XCBuildConfiguration;
			buildSettings = {
				ENABLE_TESTABILITY = YES;
				FRAMEWORK_SEARCH_PATHS = (
					"$(inherited)",
					"$(PLATFORM_DIR)/Developer/Library/Frameworks",
				);
				HEADER_SEARCH_PATHS = "$(inherited)";
				INFOPLIST_FILE = "swan-xcodebuild.xcodeproj/ArgumentParser_Info.plist";
				IPHONEOS_DEPLOYMENT_TARGET = 8.0;
				LD_RUNPATH_SEARCH_PATHS = "$(inherited) $(TOOLCHAIN_DIR)/usr/lib/swift/macosx";
				MACOSX_DEPLOYMENT_TARGET = 10.10;
				OTHER_CFLAGS = "$(inherited)";
				OTHER_LDFLAGS = "$(inherited)";
				OTHER_SWIFT_FLAGS = "$(inherited)";
				PRODUCT_BUNDLE_IDENTIFIER = ArgumentParser;
				PRODUCT_MODULE_NAME = "$(TARGET_NAME:c99extidentifier)";
				PRODUCT_NAME = "$(TARGET_NAME:c99extidentifier)";
				SKIP_INSTALL = YES;
				SWIFT_ACTIVE_COMPILATION_CONDITIONS = "$(inherited)";
				SWIFT_VERSION = 5.0;
				TARGET_NAME = ArgumentParser;
				TVOS_DEPLOYMENT_TARGET = 9.0;
				WATCHOS_DEPLOYMENT_TARGET = 2.0;
			};
			name = Debug;
		};
		OBJ_72 /* Release */ = {
			isa = XCBuildConfiguration;
			buildSettings = {
				ENABLE_TESTABILITY = YES;
				FRAMEWORK_SEARCH_PATHS = (
					"$(inherited)",
					"$(PLATFORM_DIR)/Developer/Library/Frameworks",
				);
				HEADER_SEARCH_PATHS = "$(inherited)";
				INFOPLIST_FILE = "swan-xcodebuild.xcodeproj/ArgumentParser_Info.plist";
				IPHONEOS_DEPLOYMENT_TARGET = 8.0;
				LD_RUNPATH_SEARCH_PATHS = "$(inherited) $(TOOLCHAIN_DIR)/usr/lib/swift/macosx";
				MACOSX_DEPLOYMENT_TARGET = 10.10;
				OTHER_CFLAGS = "$(inherited)";
				OTHER_LDFLAGS = "$(inherited)";
				OTHER_SWIFT_FLAGS = "$(inherited)";
				PRODUCT_BUNDLE_IDENTIFIER = ArgumentParser;
				PRODUCT_MODULE_NAME = "$(TARGET_NAME:c99extidentifier)";
				PRODUCT_NAME = "$(TARGET_NAME:c99extidentifier)";
				SKIP_INSTALL = YES;
				SWIFT_ACTIVE_COMPILATION_CONDITIONS = "$(inherited)";
				SWIFT_VERSION = 5.0;
				TARGET_NAME = ArgumentParser;
				TVOS_DEPLOYMENT_TARGET = 9.0;
				WATCHOS_DEPLOYMENT_TARGET = 2.0;
			};
			name = Release;
		};
/* End XCBuildConfiguration section */

/* Begin XCConfigurationList section */
		OBJ_106 /* Build configuration list for PBXNativeTarget "ColorizeSwift" */ = {
			isa = XCConfigurationList;
			buildConfigurations = (
				OBJ_107 /* Debug */,
				OBJ_108 /* Release */,
			);
			defaultConfigurationIsVisible = 0;
			defaultConfigurationName = Release;
		};
		OBJ_113 /* Build configuration list for PBXNativeTarget "ColorizeSwiftPackageDescription" */ = {
			isa = XCConfigurationList;
			buildConfigurations = (
				OBJ_114 /* Debug */,
				OBJ_115 /* Release */,
			);
			defaultConfigurationIsVisible = 0;
			defaultConfigurationName = Release;
		};
		OBJ_119 /* Build configuration list for PBXNativeTarget "swan-xcodebuild" */ = {
			isa = XCConfigurationList;
			buildConfigurations = (
				OBJ_120 /* Debug */,
				OBJ_121 /* Release */,
			);
			defaultConfigurationIsVisible = 0;
			defaultConfigurationName = Release;
		};
		OBJ_130 /* Build configuration list for PBXNativeTarget "swan-xcodebuildPackageDescription" */ = {
			isa = XCConfigurationList;
			buildConfigurations = (
				OBJ_131 /* Debug */,
				OBJ_132 /* Release */,
			);
			defaultConfigurationIsVisible = 0;
			defaultConfigurationName = Release;
		};
		OBJ_136 /* Build configuration list for PBXAggregateTarget "swan-xcodebuildPackageTests" */ = {
			isa = XCConfigurationList;
			buildConfigurations = (
				OBJ_137 /* Debug */,
				OBJ_138 /* Release */,
			);
			defaultConfigurationIsVisible = 0;
			defaultConfigurationName = Release;
		};
		OBJ_141 /* Build configuration list for PBXNativeTarget "swan-xcodebuildTests" */ = {
			isa = XCConfigurationList;
			buildConfigurations = (
				OBJ_142 /* Debug */,
				OBJ_143 /* Release */,
			);
			defaultConfigurationIsVisible = 0;
			defaultConfigurationName = Release;
		};
		OBJ_154 /* Build configuration list for PBXNativeTarget "swift-argument-parserPackageDescription" */ = {
			isa = XCConfigurationList;
			buildConfigurations = (
				OBJ_155 /* Debug */,
				OBJ_156 /* Release */,
			);
			defaultConfigurationIsVisible = 0;
			defaultConfigurationName = Release;
		};
		OBJ_2 /* Build configuration list for PBXProject "swan-xcodebuild" */ = {
			isa = XCConfigurationList;
			buildConfigurations = (
				OBJ_3 /* Debug */,
				OBJ_4 /* Release */,
			);
			defaultConfigurationIsVisible = 0;
			defaultConfigurationName = Release;
		};
		OBJ_70 /* Build configuration list for PBXNativeTarget "ArgumentParser" */ = {
			isa = XCConfigurationList;
			buildConfigurations = (
				OBJ_71 /* Debug */,
				OBJ_72 /* Release */,
			);
			defaultConfigurationIsVisible = 0;
			defaultConfigurationName = Release;
		};
/* End XCConfigurationList section */
	};
	rootObject = OBJ_1 /* Project object */;
}
