{
  "object": {
    "pins": [
      {
        "package": "ShellOut",
        "repositoryURL": "https://github.com/JohnSundell/ShellOut",
        "state": {
          "branch": "master",
          "revision": "d3db50b62a86b18f88f5de38cae5f3d80617d555",
          "version": null
        }
      },
      {
        "package": "Sourceful",
        "repositoryURL": "https://github.com/twostraws/Sourceful",
        "state": {
          "branch": "main",
          "revision": "69d5d05dd1ac098ed0daee5f2d1635700a390136",
          "version": null
        }
      }
    ]
  },
  "version": 1
}
